
Microsoft Visual Studio Solution File, Format Version 12.00
# Visual Studio Version 17
VisualStudioVersion = 17.2.32630.192
MinimumVisualStudioVersion = 10.0.40219.1
Project("{FAE04EC0-301F-11D3-BF4B-00C04F79EFBC}") = "Chapter", "Chapter\Chapter.csproj", "{5B5545A9-8939-481B-A39E-4290A622E916}"
EndProject
Global
	GlobalSection(SolutionConfigurationPlatforms) = preSolution
		Debug|Any CPU = Debug|Any CPU
		Release|Any CPU = Release|Any CPU
	EndGlobalSection
	GlobalSection(ProjectConfigurationPlatforms) = postSolution
		{5B5545A9-8939-481B-A39E-4290A622E916}.Debug|Any CPU.ActiveCfg = Debug|Any CPU
		{5B5545A9-8939-481B-A39E-4290A622E916}.Debug|Any CPU.Build.0 = Debug|Any CPU
		{5B5545A9-8939-481B-A39E-4290A622E916}.Release|Any CPU.ActiveCfg = Release|Any CPU
		{5B5545A9-8939-481B-A39E-4290A622E916}.Release|Any CPU.Build.0 = Release|Any CPU
	EndGlobalSection
	GlobalSection(SolutionProperties) = preSolution
		HideSolutionNode = FALSE
	EndGlobalSection
	GlobalSection(ExtensibilityGlobals) = postSolution
		SolutionGuid = {75825066-E9F2-46E0-992D-3776DB28BA5D}
	EndGlobalSection
EndGlobal
